// !$*UTF8*$!
{
	archiveVersion = 1;
	classes = {
	};
	objectVersion = 46;
	objects = {

/* Begin PBXBuildFile section */
		AB15FEF117A6E5DE00C9D9D6 /* DirectionService.m in Sources */ = {isa = PBXBuildFile; fileRef = AB15FEF017A6E5DE00C9D9D6 /* DirectionService.m */; };
		AB47B27C17A1B73700B3F382 /* List.m in Sources */ = {isa = PBXBuildFile; fileRef = AB47B27B17A1B73700B3F382 /* List.m */; };
		AB47B27F17A1B82B00B3F382 /* ListTableViewController.m in Sources */ = {isa = PBXBuildFile; fileRef = AB47B27E17A1B82B00B3F382 /* ListTableViewController.m */; };
		AB64875817A4A0890038F75B /* GoogleMaps.framework in Frameworks */ = {isa = PBXBuildFile; fileRef = AB64875717A4A0890038F75B /* GoogleMaps.framework */; };
		AB64875A17A4A0A20038F75B /* GoogleMaps.bundle in Resources */ = {isa = PBXBuildFile; fileRef = AB64875917A4A0A20038F75B /* GoogleMaps.bundle */; };
		AB64875C17A4A1C20038F75B /* libc++.dylib in Frameworks */ = {isa = PBXBuildFile; fileRef = AB64875B17A4A1C20038F75B /* libc++.dylib */; };
		AB64875E17A4A1CA0038F75B /* libz.dylib in Frameworks */ = {isa = PBXBuildFile; fileRef = AB64875D17A4A1CA0038F75B /* libz.dylib */; };
		AB64876017A4A1D50038F75B /* libicucore.dylib in Frameworks */ = {isa = PBXBuildFile; fileRef = AB64875F17A4A1D50038F75B /* libicucore.dylib */; };
		AB64876217A4A1E30038F75B /* SystemConfiguration.framework in Frameworks */ = {isa = PBXBuildFile; fileRef = AB64876117A4A1E30038F75B /* SystemConfiguration.framework */; };
		AB64876417A4A1EE0038F75B /* QuartzCore.framework in Frameworks */ = {isa = PBXBuildFile; fileRef = AB64876317A4A1EE0038F75B /* QuartzCore.framework */; };
		AB64876617A4A2010038F75B /* OpenGLES.framework in Frameworks */ = {isa = PBXBuildFile; fileRef = AB64876517A4A2010038F75B /* OpenGLES.framework */; };
		AB64876817A4A2110038F75B /* ImageIO.framework in Frameworks */ = {isa = PBXBuildFile; fileRef = AB64876717A4A2110038F75B /* ImageIO.framework */; };
		AB64876A17A4A21A0038F75B /* CoreText.framework in Frameworks */ = {isa = PBXBuildFile; fileRef = AB64876917A4A21A0038F75B /* CoreText.framework */; };
		AB64876C17A4A2230038F75B /* GLKit.framework in Frameworks */ = {isa = PBXBuildFile; fileRef = AB64876B17A4A2230038F75B /* GLKit.framework */; };
		AB64876E17A4A28A0038F75B /* AVFoundation.framework in Frameworks */ = {isa = PBXBuildFile; fileRef = AB64876D17A4A28A0038F75B /* AVFoundation.framework */; };
		ABA5110F17A45D28003B9D9F /* CoreLocation.framework in Frameworks */ = {isa = PBXBuildFile; fileRef = ABA5110E17A45D28003B9D9F /* CoreLocation.framework */; };
		ABA5112D17A4780E003B9D9F /* GMapsViewController.m in Sources */ = {isa = PBXBuildFile; fileRef = ABA5112C17A4780E003B9D9F /* GMapsViewController.m */; };
		ABD8745917A055F1000167F7 /* UIKit.framework in Frameworks */ = {isa = PBXBuildFile; fileRef = ABD8745817A055F1000167F7 /* UIKit.framework */; };
		ABD8745B17A055F1000167F7 /* Foundation.framework in Frameworks */ = {isa = PBXBuildFile; fileRef = ABD8745A17A055F1000167F7 /* Foundation.framework */; };
		ABD8745D17A055F1000167F7 /* CoreGraphics.framework in Frameworks */ = {isa = PBXBuildFile; fileRef = ABD8745C17A055F1000167F7 /* CoreGraphics.framework */; };
		ABD8745F17A055F1000167F7 /* CoreData.framework in Frameworks */ = {isa = PBXBuildFile; fileRef = ABD8745E17A055F1000167F7 /* CoreData.framework */; };
		ABD8746517A055F1000167F7 /* InfoPlist.strings in Resources */ = {isa = PBXBuildFile; fileRef = ABD8746317A055F1000167F7 /* InfoPlist.strings */; };
		ABD8746717A055F1000167F7 /* main.m in Sources */ = {isa = PBXBuildFile; fileRef = ABD8746617A055F1000167F7 /* main.m */; };
		ABD8746B17A055F1000167F7 /* AppDelegate.m in Sources */ = {isa = PBXBuildFile; fileRef = ABD8746A17A055F1000167F7 /* AppDelegate.m */; };
		ABD8746D17A055F1000167F7 /* Default.png in Resources */ = {isa = PBXBuildFile; fileRef = ABD8746C17A055F1000167F7 /* Default.png */; };
		ABD8746F17A055F1000167F7 /* Default@2x.png in Resources */ = {isa = PBXBuildFile; fileRef = ABD8746E17A055F1000167F7 /* Default@2x.png */; };
		ABD8747117A055F1000167F7 /* Default-568h@2x.png in Resources */ = {isa = PBXBuildFile; fileRef = ABD8747017A055F1000167F7 /* Default-568h@2x.png */; };
		ABD8747417A055F1000167F7 /* LocalList.xcdatamodeld in Sources */ = {isa = PBXBuildFile; fileRef = ABD8747217A055F1000167F7 /* LocalList.xcdatamodeld */; };
		ABD8747B17A05659000167F7 /* MainStoryBoard.storyboard in Resources */ = {isa = PBXBuildFile; fileRef = ABD8747A17A05659000167F7 /* MainStoryBoard.storyboard */; };
		ABD8747E17A05ACB000167F7 /* Stores.m in Sources */ = {isa = PBXBuildFile; fileRef = ABD8747D17A05ACB000167F7 /* Stores.m */; };
		ABD8748317A05F37000167F7 /* StoresTableViewController.m in Sources */ = {isa = PBXBuildFile; fileRef = ABD8748217A05F37000167F7 /* StoresTableViewController.m */; };
		ABD8748617A06C28000167F7 /* PlaceSearchTableViewController.m in Sources */ = {isa = PBXBuildFile; fileRef = ABD8748517A06C28000167F7 /* PlaceSearchTableViewController.m */; };
		ABD8748917A06EF7000167F7 /* PlaceService.m in Sources */ = {isa = PBXBuildFile; fileRef = ABD8748817A06EF7000167F7 /* PlaceService.m */; };
		ABD8748D17A07C15000167F7 /* Places.m in Sources */ = {isa = PBXBuildFile; fileRef = ABD8748C17A07C15000167F7 /* Places.m */; };
		ABDF3EA817A17BCB004BC5BD /* Items.m in Sources */ = {isa = PBXBuildFile; fileRef = ABDF3EA717A17BCB004BC5BD /* Items.m */; };
		ABDF3EAB17A17C70004BC5BD /* ItemsTableViewController.m in Sources */ = {isa = PBXBuildFile; fileRef = ABDF3EAA17A17C70004BC5BD /* ItemsTableViewController.m */; };
		ABDF3EAE17A18414004BC5BD /* ItemViewController.m in Sources */ = {isa = PBXBuildFile; fileRef = ABDF3EAD17A18414004BC5BD /* ItemViewController.m */; };
		ABE70A3217A313EA00506C90 /* ListItemDetailTableViewController.m in Sources */ = {isa = PBXBuildFile; fileRef = ABE70A3117A313EA00506C90 /* ListItemDetailTableViewController.m */; };
		ABE70A3617A31E1F00506C90 /* SelectItemTableViewController.m in Sources */ = {isa = PBXBuildFile; fileRef = ABE70A3517A31E1F00506C90 /* SelectItemTableViewController.m */; };
		ABE70A3917A31E3E00506C90 /* SelectStoreTableViewController.m in Sources */ = {isa = PBXBuildFile; fileRef = ABE70A3817A31E3E00506C90 /* SelectStoreTableViewController.m */; };
		ABF4C89017A0CF4600B23C93 /* PlaceDetailTableViewController.m in Sources */ = {isa = PBXBuildFile; fileRef = ABF4C88F17A0CF4600B23C93 /* PlaceDetailTableViewController.m */; };
/* End PBXBuildFile section */

/* Begin PBXFileReference section */
		AB15FEEF17A6E5DE00C9D9D6 /* DirectionService.h */ = {isa = PBXFileReference; fileEncoding = 4; lastKnownFileType = sourcecode.c.h; path = DirectionService.h; sourceTree = "<group>"; };
		AB15FEF017A6E5DE00C9D9D6 /* DirectionService.m */ = {isa = PBXFileReference; fileEncoding = 4; lastKnownFileType = sourcecode.c.objc; path = DirectionService.m; sourceTree = "<group>"; };
		AB47B27A17A1B73700B3F382 /* List.h */ = {isa = PBXFileReference; fileEncoding = 4; lastKnownFileType = sourcecode.c.h; path = List.h; sourceTree = "<group>"; };
		AB47B27B17A1B73700B3F382 /* List.m */ = {isa = PBXFileReference; fileEncoding = 4; lastKnownFileType = sourcecode.c.objc; path = List.m; sourceTree = "<group>"; };
		AB47B27D17A1B82B00B3F382 /* ListTableViewController.h */ = {isa = PBXFileReference; fileEncoding = 4; lastKnownFileType = sourcecode.c.h; path = ListTableViewController.h; sourceTree = "<group>"; };
		AB47B27E17A1B82B00B3F382 /* ListTableViewController.m */ = {isa = PBXFileReference; fileEncoding = 4; lastKnownFileType = sourcecode.c.objc; path = ListTableViewController.m; sourceTree = "<group>"; };
		AB64875717A4A0890038F75B /* GoogleMaps.framework */ = {isa = PBXFileReference; lastKnownFileType = wrapper.framework; path = GoogleMaps.framework; sourceTree = "<group>"; };
		AB64875917A4A0A20038F75B /* GoogleMaps.bundle */ = {isa = PBXFileReference; lastKnownFileType = "wrapper.plug-in"; name = GoogleMaps.bundle; path = GoogleMaps.framework/Versions/A/Resources/GoogleMaps.bundle; sourceTree = "<group>"; };
		AB64875B17A4A1C20038F75B /* libc++.dylib */ = {isa = PBXFileReference; lastKnownFileType = "compiled.mach-o.dylib"; name = "libc++.dylib"; path = "usr/lib/libc++.dylib"; sourceTree = SDKROOT; };
		AB64875D17A4A1CA0038F75B /* libz.dylib */ = {isa = PBXFileReference; lastKnownFileType = "compiled.mach-o.dylib"; name = libz.dylib; path = usr/lib/libz.dylib; sourceTree = SDKROOT; };
		AB64875F17A4A1D50038F75B /* libicucore.dylib */ = {isa = PBXFileReference; lastKnownFileType = "compiled.mach-o.dylib"; name = libicucore.dylib; path = usr/lib/libicucore.dylib; sourceTree = SDKROOT; };
		AB64876117A4A1E30038F75B /* SystemConfiguration.framework */ = {isa = PBXFileReference; lastKnownFileType = wrapper.framework; name = SystemConfiguration.framework; path = System/Library/Frameworks/SystemConfiguration.framework; sourceTree = SDKROOT; };
		AB64876317A4A1EE0038F75B /* QuartzCore.framework */ = {isa = PBXFileReference; lastKnownFileType = wrapper.framework; name = QuartzCore.framework; path = System/Library/Frameworks/QuartzCore.framework; sourceTree = SDKROOT; };
		AB64876517A4A2010038F75B /* OpenGLES.framework */ = {isa = PBXFileReference; lastKnownFileType = wrapper.framework; name = OpenGLES.framework; path = System/Library/Frameworks/OpenGLES.framework; sourceTree = SDKROOT; };
		AB64876717A4A2110038F75B /* ImageIO.framework */ = {isa = PBXFileReference; lastKnownFileType = wrapper.framework; name = ImageIO.framework; path = System/Library/Frameworks/ImageIO.framework; sourceTree = SDKROOT; };
		AB64876917A4A21A0038F75B /* CoreText.framework */ = {isa = PBXFileReference; lastKnownFileType = wrapper.framework; name = CoreText.framework; path = System/Library/Frameworks/CoreText.framework; sourceTree = SDKROOT; };
		AB64876B17A4A2230038F75B /* GLKit.framework */ = {isa = PBXFileReference; lastKnownFileType = wrapper.framework; name = GLKit.framework; path = System/Library/Frameworks/GLKit.framework; sourceTree = SDKROOT; };
		AB64876D17A4A28A0038F75B /* AVFoundation.framework */ = {isa = PBXFileReference; lastKnownFileType = wrapper.framework; name = AVFoundation.framework; path = System/Library/Frameworks/AVFoundation.framework; sourceTree = SDKROOT; };
		ABA5110E17A45D28003B9D9F /* CoreLocation.framework */ = {isa = PBXFileReference; lastKnownFileType = wrapper.framework; name = CoreLocation.framework; path = System/Library/Frameworks/CoreLocation.framework; sourceTree = SDKROOT; };
		ABA5112B17A4780E003B9D9F /* GMapsViewController.h */ = {isa = PBXFileReference; fileEncoding = 4; lastKnownFileType = sourcecode.c.h; path = GMapsViewController.h; sourceTree = "<group>"; };
		ABA5112C17A4780E003B9D9F /* GMapsViewController.m */ = {isa = PBXFileReference; fileEncoding = 4; lastKnownFileType = sourcecode.c.objc; path = GMapsViewController.m; sourceTree = "<group>"; };
		ABD8745517A055F1000167F7 /* LocalList.app */ = {isa = PBXFileReference; explicitFileType = wrapper.application; includeInIndex = 0; path = LocalList.app; sourceTree = BUILT_PRODUCTS_DIR; };
		ABD8745817A055F1000167F7 /* UIKit.framework */ = {isa = PBXFileReference; lastKnownFileType = wrapper.framework; name = UIKit.framework; path = System/Library/Frameworks/UIKit.framework; sourceTree = SDKROOT; };
		ABD8745A17A055F1000167F7 /* Foundation.framework */ = {isa = PBXFileReference; lastKnownFileType = wrapper.framework; name = Foundation.framework; path = System/Library/Frameworks/Foundation.framework; sourceTree = SDKROOT; };
		ABD8745C17A055F1000167F7 /* CoreGraphics.framework */ = {isa = PBXFileReference; lastKnownFileType = wrapper.framework; name = CoreGraphics.framework; path = System/Library/Frameworks/CoreGraphics.framework; sourceTree = SDKROOT; };
		ABD8745E17A055F1000167F7 /* CoreData.framework */ = {isa = PBXFileReference; lastKnownFileType = wrapper.framework; name = CoreData.framework; path = System/Library/Frameworks/CoreData.framework; sourceTree = SDKROOT; };
		ABD8746217A055F1000167F7 /* LocalList-Info.plist */ = {isa = PBXFileReference; lastKnownFileType = text.plist.xml; path = "LocalList-Info.plist"; sourceTree = "<group>"; };
		ABD8746417A055F1000167F7 /* en */ = {isa = PBXFileReference; lastKnownFileType = text.plist.strings; name = en; path = en.lproj/InfoPlist.strings; sourceTree = "<group>"; };
		ABD8746617A055F1000167F7 /* main.m */ = {isa = PBXFileReference; lastKnownFileType = sourcecode.c.objc; path = main.m; sourceTree = "<group>"; };
		ABD8746817A055F1000167F7 /* LocalList-Prefix.pch */ = {isa = PBXFileReference; lastKnownFileType = sourcecode.c.h; path = "LocalList-Prefix.pch"; sourceTree = "<group>"; };
		ABD8746917A055F1000167F7 /* AppDelegate.h */ = {isa = PBXFileReference; lastKnownFileType = sourcecode.c.h; path = AppDelegate.h; sourceTree = "<group>"; };
		ABD8746A17A055F1000167F7 /* AppDelegate.m */ = {isa = PBXFileReference; lastKnownFileType = sourcecode.c.objc; path = AppDelegate.m; sourceTree = "<group>"; };
		ABD8746C17A055F1000167F7 /* Default.png */ = {isa = PBXFileReference; lastKnownFileType = image.png; path = Default.png; sourceTree = "<group>"; };
		ABD8746E17A055F1000167F7 /* Default@2x.png */ = {isa = PBXFileReference; lastKnownFileType = image.png; path = "Default@2x.png"; sourceTree = "<group>"; };
		ABD8747017A055F1000167F7 /* Default-568h@2x.png */ = {isa = PBXFileReference; lastKnownFileType = image.png; path = "Default-568h@2x.png"; sourceTree = "<group>"; };
		ABD8747317A055F1000167F7 /* LocalList.xcdatamodel */ = {isa = PBXFileReference; lastKnownFileType = wrapper.xcdatamodel; path = LocalList.xcdatamodel; sourceTree = "<group>"; };
		ABD8747A17A05659000167F7 /* MainStoryBoard.storyboard */ = {isa = PBXFileReference; fileEncoding = 4; lastKnownFileType = file.storyboard; path = MainStoryBoard.storyboard; sourceTree = "<group>"; };
		ABD8747C17A05ACB000167F7 /* Stores.h */ = {isa = PBXFileReference; fileEncoding = 4; lastKnownFileType = sourcecode.c.h; path = Stores.h; sourceTree = "<group>"; };
		ABD8747D17A05ACB000167F7 /* Stores.m */ = {isa = PBXFileReference; fileEncoding = 4; lastKnownFileType = sourcecode.c.objc; path = Stores.m; sourceTree = "<group>"; };
		ABD8748117A05F37000167F7 /* StoresTableViewController.h */ = {isa = PBXFileReference; fileEncoding = 4; lastKnownFileType = sourcecode.c.h; path = StoresTableViewController.h; sourceTree = "<group>"; };
		ABD8748217A05F37000167F7 /* StoresTableViewController.m */ = {isa = PBXFileReference; fileEncoding = 4; lastKnownFileType = sourcecode.c.objc; path = StoresTableViewController.m; sourceTree = "<group>"; };
		ABD8748417A06C28000167F7 /* PlaceSearchTableViewController.h */ = {isa = PBXFileReference; fileEncoding = 4; lastKnownFileType = sourcecode.c.h; path = PlaceSearchTableViewController.h; sourceTree = "<group>"; };
		ABD8748517A06C28000167F7 /* PlaceSearchTableViewController.m */ = {isa = PBXFileReference; fileEncoding = 4; lastKnownFileType = sourcecode.c.objc; path = PlaceSearchTableViewController.m; sourceTree = "<group>"; };
		ABD8748717A06EF7000167F7 /* PlaceService.h */ = {isa = PBXFileReference; fileEncoding = 4; lastKnownFileType = sourcecode.c.h; path = PlaceService.h; sourceTree = "<group>"; };
		ABD8748817A06EF7000167F7 /* PlaceService.m */ = {isa = PBXFileReference; fileEncoding = 4; lastKnownFileType = sourcecode.c.objc; path = PlaceService.m; sourceTree = "<group>"; };
		ABD8748B17A07C15000167F7 /* Places.h */ = {isa = PBXFileReference; fileEncoding = 4; lastKnownFileType = sourcecode.c.h; path = Places.h; sourceTree = "<group>"; };
		ABD8748C17A07C15000167F7 /* Places.m */ = {isa = PBXFileReference; fileEncoding = 4; lastKnownFileType = sourcecode.c.objc; path = Places.m; sourceTree = "<group>"; };
		ABDF3EA517A176A6004BC5BD /* LocalList 2.xcdatamodel */ = {isa = PBXFileReference; lastKnownFileType = wrapper.xcdatamodel; path = "LocalList 2.xcdatamodel"; sourceTree = "<group>"; };
		ABDF3EA617A17BCB004BC5BD /* Items.h */ = {isa = PBXFileReference; fileEncoding = 4; lastKnownFileType = sourcecode.c.h; path = Items.h; sourceTree = "<group>"; };
		ABDF3EA717A17BCB004BC5BD /* Items.m */ = {isa = PBXFileReference; fileEncoding = 4; lastKnownFileType = sourcecode.c.objc; path = Items.m; sourceTree = "<group>"; };
		ABDF3EA917A17C70004BC5BD /* ItemsTableViewController.h */ = {isa = PBXFileReference; fileEncoding = 4; lastKnownFileType = sourcecode.c.h; path = ItemsTableViewController.h; sourceTree = "<group>"; };
		ABDF3EAA17A17C70004BC5BD /* ItemsTableViewController.m */ = {isa = PBXFileReference; fileEncoding = 4; lastKnownFileType = sourcecode.c.objc; path = ItemsTableViewController.m; sourceTree = "<group>"; };
		ABDF3EAC17A18414004BC5BD /* ItemViewController.h */ = {isa = PBXFileReference; fileEncoding = 4; lastKnownFileType = sourcecode.c.h; path = ItemViewController.h; sourceTree = "<group>"; };
		ABDF3EAD17A18414004BC5BD /* ItemViewController.m */ = {isa = PBXFileReference; fileEncoding = 4; lastKnownFileType = sourcecode.c.objc; path = ItemViewController.m; sourceTree = "<group>"; };
		ABDF3EAF17A196F5004BC5BD /* LocalList 3.xcdatamodel */ = {isa = PBXFileReference; lastKnownFileType = wrapper.xcdatamodel; path = "LocalList 3.xcdatamodel"; sourceTree = "<group>"; };
		ABE70A3017A313EA00506C90 /* ListItemDetailTableViewController.h */ = {isa = PBXFileReference; fileEncoding = 4; lastKnownFileType = sourcecode.c.h; path = ListItemDetailTableViewController.h; sourceTree = "<group>"; };
		ABE70A3117A313EA00506C90 /* ListItemDetailTableViewController.m */ = {isa = PBXFileReference; fileEncoding = 4; lastKnownFileType = sourcecode.c.objc; path = ListItemDetailTableViewController.m; sourceTree = "<group>"; };
		ABE70A3417A31E1F00506C90 /* SelectItemTableViewController.h */ = {isa = PBXFileReference; fileEncoding = 4; lastKnownFileType = sourcecode.c.h; path = SelectItemTableViewController.h; sourceTree = "<group>"; };
		ABE70A3517A31E1F00506C90 /* SelectItemTableViewController.m */ = {isa = PBXFileReference; fileEncoding = 4; lastKnownFileType = sourcecode.c.objc; path = SelectItemTableViewController.m; sourceTree = "<group>"; };
		ABE70A3717A31E3E00506C90 /* SelectStoreTableViewController.h */ = {isa = PBXFileReference; fileEncoding = 4; lastKnownFileType = sourcecode.c.h; path = SelectStoreTableViewController.h; sourceTree = "<group>"; };
		ABE70A3817A31E3E00506C90 /* SelectStoreTableViewController.m */ = {isa = PBXFileReference; fileEncoding = 4; lastKnownFileType = sourcecode.c.objc; path = SelectStoreTableViewController.m; sourceTree = "<group>"; };
		ABF4C88E17A0CF4600B23C93 /* PlaceDetailTableViewController.h */ = {isa = PBXFileReference; fileEncoding = 4; lastKnownFileType = sourcecode.c.h; path = PlaceDetailTableViewController.h; sourceTree = "<group>"; };
		ABF4C88F17A0CF4600B23C93 /* PlaceDetailTableViewController.m */ = {isa = PBXFileReference; fileEncoding = 4; lastKnownFileType = sourcecode.c.objc; path = PlaceDetailTableViewController.m; sourceTree = "<group>"; };
/* End PBXFileReference section */

/* Begin PBXFrameworksBuildPhase section */
		ABD8745217A055F1000167F7 /* Frameworks */ = {
			isa = PBXFrameworksBuildPhase;
			buildActionMask = 2147483647;
			files = (
				AB64876E17A4A28A0038F75B /* AVFoundation.framework in Frameworks */,
				AB64876C17A4A2230038F75B /* GLKit.framework in Frameworks */,
				AB64876A17A4A21A0038F75B /* CoreText.framework in Frameworks */,
				AB64876817A4A2110038F75B /* ImageIO.framework in Frameworks */,
				AB64876617A4A2010038F75B /* OpenGLES.framework in Frameworks */,
				AB64876417A4A1EE0038F75B /* QuartzCore.framework in Frameworks */,
				AB64876217A4A1E30038F75B /* SystemConfiguration.framework in Frameworks */,
				AB64876017A4A1D50038F75B /* libicucore.dylib in Frameworks */,
				AB64875E17A4A1CA0038F75B /* libz.dylib in Frameworks */,
				AB64875C17A4A1C20038F75B /* libc++.dylib in Frameworks */,
				ABA5110F17A45D28003B9D9F /* CoreLocation.framework in Frameworks */,
				ABD8745917A055F1000167F7 /* UIKit.framework in Frameworks */,
				ABD8745B17A055F1000167F7 /* Foundation.framework in Frameworks */,
				ABD8745D17A055F1000167F7 /* CoreGraphics.framework in Frameworks */,
				ABD8745F17A055F1000167F7 /* CoreData.framework in Frameworks */,
				AB64875817A4A0890038F75B /* GoogleMaps.framework in Frameworks */,
			);
			runOnlyForDeploymentPostprocessing = 0;
		};
/* End PBXFrameworksBuildPhase section */

/* Begin PBXGroup section */
		ABD8744C17A055F1000167F7 = {
			isa = PBXGroup;
			children = (
				ABD8746017A055F1000167F7 /* LocalList */,
				ABD8745717A055F1000167F7 /* Frameworks */,
				ABD8745617A055F1000167F7 /* Products */,
			);
			sourceTree = "<group>";
		};
		ABD8745617A055F1000167F7 /* Products */ = {
			isa = PBXGroup;
			children = (
				ABD8745517A055F1000167F7 /* LocalList.app */,
			);
			name = Products;
			sourceTree = "<group>";
		};
		ABD8745717A055F1000167F7 /* Frameworks */ = {
			isa = PBXGroup;
			children = (
				AB64876D17A4A28A0038F75B /* AVFoundation.framework */,
				AB64876B17A4A2230038F75B /* GLKit.framework */,
				AB64876917A4A21A0038F75B /* CoreText.framework */,
				AB64876717A4A2110038F75B /* ImageIO.framework */,
				AB64876517A4A2010038F75B /* OpenGLES.framework */,
				AB64876317A4A1EE0038F75B /* QuartzCore.framework */,
				AB64876117A4A1E30038F75B /* SystemConfiguration.framework */,
				AB64875F17A4A1D50038F75B /* libicucore.dylib */,
				AB64875D17A4A1CA0038F75B /* libz.dylib */,
				AB64875B17A4A1C20038F75B /* libc++.dylib */,
				AB64875917A4A0A20038F75B /* GoogleMaps.bundle */,
				AB64875717A4A0890038F75B /* GoogleMaps.framework */,
				ABD8745E17A055F1000167F7 /* CoreData.framework */,
				ABD8745C17A055F1000167F7 /* CoreGraphics.framework */,
				ABA5110E17A45D28003B9D9F /* CoreLocation.framework */,
				ABD8745A17A055F1000167F7 /* Foundation.framework */,
				ABD8745817A055F1000167F7 /* UIKit.framework */,
			);
			name = Frameworks;
			sourceTree = "<group>";
		};
		ABD8746017A055F1000167F7 /* LocalList */ = {
			isa = PBXGroup;
			children = (
				ABD8746917A055F1000167F7 /* AppDelegate.h */,
				ABD8746A17A055F1000167F7 /* AppDelegate.m */,
				ABD8747F17A05EAD000167F7 /* CoreData */,
				ABD8748A17A07BF6000167F7 /* DataObjects */,
				ABD8747A17A05659000167F7 /* MainStoryBoard.storyboard */,
				ABE70A3317A3195B00506C90 /* Services */,
				ABD8746117A055F1000167F7 /* Supporting Files */,
				ABD8748017A05ED0000167F7 /* ViewControllers */,
			);
			path = LocalList;
			sourceTree = "<group>";
		};
		ABD8746117A055F1000167F7 /* Supporting Files */ = {
			isa = PBXGroup;
			children = (
				ABD8746217A055F1000167F7 /* LocalList-Info.plist */,
				ABD8746317A055F1000167F7 /* InfoPlist.strings */,
				ABD8746617A055F1000167F7 /* main.m */,
				ABD8746817A055F1000167F7 /* LocalList-Prefix.pch */,
				ABD8746C17A055F1000167F7 /* Default.png */,
				ABD8746E17A055F1000167F7 /* Default@2x.png */,
				ABD8747017A055F1000167F7 /* Default-568h@2x.png */,
			);
			name = "Supporting Files";
			sourceTree = "<group>";
		};
		ABD8747F17A05EAD000167F7 /* CoreData */ = {
			isa = PBXGroup;
			children = (
				AB47B27A17A1B73700B3F382 /* List.h */,
				AB47B27B17A1B73700B3F382 /* List.m */,
				ABD8747217A055F1000167F7 /* LocalList.xcdatamodeld */,
				ABDF3EA617A17BCB004BC5BD /* Items.h */,
				ABDF3EA717A17BCB004BC5BD /* Items.m */,
				ABD8747C17A05ACB000167F7 /* Stores.h */,
				ABD8747D17A05ACB000167F7 /* Stores.m */,
			);
			name = CoreData;
			sourceTree = "<group>";
		};
		ABD8748017A05ED0000167F7 /* ViewControllers */ = {
			isa = PBXGroup;
			children = (
				ABDF3EA917A17C70004BC5BD /* ItemsTableViewController.h */,
				ABDF3EAA17A17C70004BC5BD /* ItemsTableViewController.m */,
				ABDF3EAC17A18414004BC5BD /* ItemViewController.h */,
				ABDF3EAD17A18414004BC5BD /* ItemViewController.m */,
				ABE70A3017A313EA00506C90 /* ListItemDetailTableViewController.h */,
				ABE70A3117A313EA00506C90 /* ListItemDetailTableViewController.m */,
				AB47B27D17A1B82B00B3F382 /* ListTableViewController.h */,
				AB47B27E17A1B82B00B3F382 /* ListTableViewController.m */,
				ABF4C88E17A0CF4600B23C93 /* PlaceDetailTableViewController.h */,
				ABF4C88F17A0CF4600B23C93 /* PlaceDetailTableViewController.m */,
				ABD8748417A06C28000167F7 /* PlaceSearchTableViewController.h */,
				ABD8748517A06C28000167F7 /* PlaceSearchTableViewController.m */,
				ABD8748117A05F37000167F7 /* StoresTableViewController.h */,
				ABD8748217A05F37000167F7 /* StoresTableViewController.m */,
				ABE70A3417A31E1F00506C90 /* SelectItemTableViewController.h */,
				ABE70A3517A31E1F00506C90 /* SelectItemTableViewController.m */,
				ABE70A3717A31E3E00506C90 /* SelectStoreTableViewController.h */,
				ABE70A3817A31E3E00506C90 /* SelectStoreTableViewController.m */,
				ABA5112B17A4780E003B9D9F /* GMapsViewController.h */,
				ABA5112C17A4780E003B9D9F /* GMapsViewController.m */,
			);
			name = ViewControllers;
			sourceTree = "<group>";
		};
		ABD8748A17A07BF6000167F7 /* DataObjects */ = {
			isa = PBXGroup;
			children = (
				ABD8748B17A07C15000167F7 /* Places.h */,
				ABD8748C17A07C15000167F7 /* Places.m */,
			);
			name = DataObjects;
			sourceTree = "<group>";
		};
		ABE70A3317A3195B00506C90 /* Services */ = {
			isa = PBXGroup;
			children = (
				ABD8748717A06EF7000167F7 /* PlaceService.h */,
				ABD8748817A06EF7000167F7 /* PlaceService.m */,
				AB15FEEF17A6E5DE00C9D9D6 /* DirectionService.h */,
				AB15FEF017A6E5DE00C9D9D6 /* DirectionService.m */,
			);
			name = Services;
			sourceTree = "<group>";
		};
/* End PBXGroup section */

/* Begin PBXNativeTarget section */
		ABD8745417A055F1000167F7 /* LocalList */ = {
			isa = PBXNativeTarget;
			buildConfigurationList = ABD8747717A055F1000167F7 /* Build configuration list for PBXNativeTarget "LocalList" */;
			buildPhases = (
				ABD8745117A055F1000167F7 /* Sources */,
				ABD8745217A055F1000167F7 /* Frameworks */,
				ABD8745317A055F1000167F7 /* Resources */,
			);
			buildRules = (
			);
			dependencies = (
			);
			name = LocalList;
			productName = LocalList;
			productReference = ABD8745517A055F1000167F7 /* LocalList.app */;
			productType = "com.apple.product-type.application";
		};
/* End PBXNativeTarget section */

/* Begin PBXProject section */
		ABD8744D17A055F1000167F7 /* Project object */ = {
			isa = PBXProject;
			attributes = {
				LastUpgradeCheck = 0460;
				ORGANIZATIONNAME = "Karim Jiwani";
			};
			buildConfigurationList = ABD8745017A055F1000167F7 /* Build configuration list for PBXProject "LocalList" */;
			compatibilityVersion = "Xcode 3.2";
			developmentRegion = English;
			hasScannedForEncodings = 0;
			knownRegions = (
				en,
			);
			mainGroup = ABD8744C17A055F1000167F7;
			productRefGroup = ABD8745617A055F1000167F7 /* Products */;
			projectDirPath = "";
			projectRoot = "";
			targets = (
				ABD8745417A055F1000167F7 /* LocalList */,
			);
		};
/* End PBXProject section */

/* Begin PBXResourcesBuildPhase section */
		ABD8745317A055F1000167F7 /* Resources */ = {
			isa = PBXResourcesBuildPhase;
			buildActionMask = 2147483647;
			files = (
				ABD8746517A055F1000167F7 /* InfoPlist.strings in Resources */,
				ABD8746D17A055F1000167F7 /* Default.png in Resources */,
				ABD8746F17A055F1000167F7 /* Default@2x.png in Resources */,
				ABD8747117A055F1000167F7 /* Default-568h@2x.png in Resources */,
				ABD8747B17A05659000167F7 /* MainStoryBoard.storyboard in Resources */,
				AB64875A17A4A0A20038F75B /* GoogleMaps.bundle in Resources */,
			);
			runOnlyForDeploymentPostprocessing = 0;
		};
/* End PBXResourcesBuildPhase section */

/* Begin PBXSourcesBuildPhase section */
		ABD8745117A055F1000167F7 /* Sources */ = {
			isa = PBXSourcesBuildPhase;
			buildActionMask = 2147483647;
			files = (
				ABD8746717A055F1000167F7 /* main.m in Sources */,
				ABD8746B17A055F1000167F7 /* AppDelegate.m in Sources */,
				ABD8747417A055F1000167F7 /* LocalList.xcdatamodeld in Sources */,
				ABD8747E17A05ACB000167F7 /* Stores.m in Sources */,
				ABD8748317A05F37000167F7 /* StoresTableViewController.m in Sources */,
				ABD8748617A06C28000167F7 /* PlaceSearchTableViewController.m in Sources */,
				ABD8748917A06EF7000167F7 /* PlaceService.m in Sources */,
				ABD8748D17A07C15000167F7 /* Places.m in Sources */,
				ABF4C89017A0CF4600B23C93 /* PlaceDetailTableViewController.m in Sources */,
				ABDF3EA817A17BCB004BC5BD /* Items.m in Sources */,
				ABDF3EAB17A17C70004BC5BD /* ItemsTableViewController.m in Sources */,
				ABDF3EAE17A18414004BC5BD /* ItemViewController.m in Sources */,
				AB47B27C17A1B73700B3F382 /* List.m in Sources */,
				AB47B27F17A1B82B00B3F382 /* ListTableViewController.m in Sources */,
				ABE70A3217A313EA00506C90 /* ListItemDetailTableViewController.m in Sources */,
				ABE70A3617A31E1F00506C90 /* SelectItemTableViewController.m in Sources */,
				ABE70A3917A31E3E00506C90 /* SelectStoreTableViewController.m in Sources */,
				ABA5112D17A4780E003B9D9F /* GMapsViewController.m in Sources */,
				AB15FEF117A6E5DE00C9D9D6 /* DirectionService.m in Sources */,
			);
			runOnlyForDeploymentPostprocessing = 0;
		};
/* End PBXSourcesBuildPhase section */

/* Begin PBXVariantGroup section */
		ABD8746317A055F1000167F7 /* InfoPlist.strings */ = {
			isa = PBXVariantGroup;
			children = (
				ABD8746417A055F1000167F7 /* en */,
			);
			name = InfoPlist.strings;
			sourceTree = "<group>";
		};
/* End PBXVariantGroup section */

/* Begin XCBuildConfiguration section */
		ABD8747517A055F1000167F7 /* Debug */ = {
			isa = XCBuildConfiguration;
			buildSettings = {
				ALWAYS_SEARCH_USER_PATHS = NO;
				CLANG_CXX_LANGUAGE_STANDARD = "gnu++0x";
				CLANG_CXX_LIBRARY = "libc++";
				CLANG_ENABLE_OBJC_ARC = YES;
				CLANG_WARN_CONSTANT_CONVERSION = YES;
				CLANG_WARN_EMPTY_BODY = YES;
				CLANG_WARN_ENUM_CONVERSION = YES;
				CLANG_WARN_INT_CONVERSION = YES;
				CLANG_WARN__DUPLICATE_METHOD_MATCH = YES;
				"CODE_SIGN_IDENTITY[sdk=iphoneos*]" = "iPhone Developer";
				COPY_PHASE_STRIP = NO;
				GCC_C_LANGUAGE_STANDARD = gnu99;
				GCC_DYNAMIC_NO_PIC = NO;
				GCC_OPTIMIZATION_LEVEL = 0;
				GCC_PREPROCESSOR_DEFINITIONS = (
					"DEBUG=1",
					"$(inherited)",
				);
				GCC_SYMBOLS_PRIVATE_EXTERN = NO;
				GCC_WARN_ABOUT_RETURN_TYPE = YES;
				GCC_WARN_UNINITIALIZED_AUTOS = YES;
				GCC_WARN_UNUSED_VARIABLE = YES;
				IPHONEOS_DEPLOYMENT_TARGET = 6.1;
				ONLY_ACTIVE_ARCH = YES;
				SDKROOT = iphoneos;
			};
			name = Debug;
		};
		ABD8747617A055F1000167F7 /* Release */ = {
			isa = XCBuildConfiguration;
			buildSettings = {
				ALWAYS_SEARCH_USER_PATHS = NO;
				CLANG_CXX_LANGUAGE_STANDARD = "gnu++0x";
				CLANG_CXX_LIBRARY = "libc++";
				CLANG_ENABLE_OBJC_ARC = YES;
				CLANG_WARN_CONSTANT_CONVERSION = YES;
				CLANG_WARN_EMPTY_BODY = YES;
				CLANG_WARN_ENUM_CONVERSION = YES;
				CLANG_WARN_INT_CONVERSION = YES;
				CLANG_WARN__DUPLICATE_METHOD_MATCH = YES;
				"CODE_SIGN_IDENTITY[sdk=iphoneos*]" = "iPhone Developer";
				COPY_PHASE_STRIP = YES;
				GCC_C_LANGUAGE_STANDARD = gnu99;
				GCC_WARN_ABOUT_RETURN_TYPE = YES;
				GCC_WARN_UNINITIALIZED_AUTOS = YES;
				GCC_WARN_UNUSED_VARIABLE = YES;
				IPHONEOS_DEPLOYMENT_TARGET = 6.1;
				OTHER_CFLAGS = "-DNS_BLOCK_ASSERTIONS=1";
				SDKROOT = iphoneos;
				VALIDATE_PRODUCT = YES;
			};
			name = Release;
		};
		ABD8747817A055F1000167F7 /* Debug */ = {
			isa = XCBuildConfiguration;
			buildSettings = {
				ARCHS = armv7;
				FRAMEWORK_SEARCH_PATHS = (
					"$(inherited)",
					"\"$(SRCROOT)/../../Downloads/GoogleMaps-iOS-1.3.1\"",
					"\"$(SRCROOT)\"",
				);
				GCC_PRECOMPILE_PREFIX_HEADER = YES;
				GCC_PREFIX_HEADER = "LocalList/LocalList-Prefix.pch";
				INFOPLIST_FILE = "LocalList/LocalList-Info.plist";
				OTHER_LDFLAGS = "-ObjC";
				PRODUCT_NAME = "$(TARGET_NAME)";
				WRAPPER_EXTENSION = app;
			};
			name = Debug;
		};
		ABD8747917A055F1000167F7 /* Release */ = {
			isa = XCBuildConfiguration;
			buildSettings = {
				ARCHS = armv7;
				FRAMEWORK_SEARCH_PATHS = (
					"$(inherited)",
					"\"$(SRCROOT)/../../Downloads/GoogleMaps-iOS-1.3.1\"",
					"\"$(SRCROOT)\"",
				);
				GCC_PRECOMPILE_PREFIX_HEADER = YES;
				GCC_PREFIX_HEADER = "LocalList/LocalList-Prefix.pch";
				INFOPLIST_FILE = "LocalList/LocalList-Info.plist";
				OTHER_LDFLAGS = "-ObjC";
				PRODUCT_NAME = "$(TARGET_NAME)";
				WRAPPER_EXTENSION = app;
			};
			name = Release;
		};
/* End XCBuildConfiguration section */

/* Begin XCConfigurationList section */
		ABD8745017A055F1000167F7 /* Build configuration list for PBXProject "LocalList" */ = {
			isa = XCConfigurationList;
			buildConfigurations = (
				ABD8747517A055F1000167F7 /* Debug */,
				ABD8747617A055F1000167F7 /* Release */,
			);
			defaultConfigurationIsVisible = 0;
			defaultConfigurationName = Release;
		};
		ABD8747717A055F1000167F7 /* Build configuration list for PBXNativeTarget "LocalList" */ = {
			isa = XCConfigurationList;
			buildConfigurations = (
				ABD8747817A055F1000167F7 /* Debug */,
				ABD8747917A055F1000167F7 /* Release */,
			);
			defaultConfigurationIsVisible = 0;
			defaultConfigurationName = Release;
		};
/* End XCConfigurationList section */

/* Begin XCVersionGroup section */
		ABD8747217A055F1000167F7 /* LocalList.xcdatamodeld */ = {
			isa = XCVersionGroup;
			children = (
				ABDF3EAF17A196F5004BC5BD /* LocalList 3.xcdatamodel */,
				ABDF3EA517A176A6004BC5BD /* LocalList 2.xcdatamodel */,
				ABD8747317A055F1000167F7 /* LocalList.xcdatamodel */,
			);
			currentVersion = ABDF3EAF17A196F5004BC5BD /* LocalList 3.xcdatamodel */;
			path = LocalList.xcdatamodeld;
			sourceTree = "<group>";
			versionGroupType = wrapper.xcdatamodel;
		};
/* End XCVersionGroup section */
	};
	rootObject = ABD8744D17A055F1000167F7 /* Project object */;
}
